
Microsoft Visual Studio Solution File, Format Version 12.00
# Visual Studio Version 16
VisualStudioVersion = 16.0.30104.148
MinimumVisualStudioVersion = 10.0.40219.1
Project("{8BC9CEB8-8B4A-11D0-8D11-00A0C91BC942}") = "log_server", "log_server.vcxproj", "{534BDBEF-AF5F-4A07-878D-DC28C12EC312}"
EndProject
Global
	GlobalSection(SolutionConfigurationPlatforms) = preSolution
		Debug|x64 = Debug|x64
		Debug|x86 = Debug|x86
		Release|x64 = Release|x64
		Release|x86 = Release|x86
	EndGlobalSection
	GlobalSection(ProjectConfigurationPlatforms) = postSolution
		{534BDBEF-AF5F-4A07-878D-DC28C12EC312}.Debug|x64.ActiveCfg = Debug|x64
		{534BDBEF-AF5F-4A07-878D-DC28C12EC312}.Debug|x64.Build.0 = Debug|x64
		{534BDBEF-AF5F-4A07-878D-DC28C12EC312}.Debug|x86.ActiveCfg = Release|x64
		{534BDBEF-AF5F-4A07-878D-DC28C12EC312}.Debug|x86.Build.0 = Release|x64
		{534BDBEF-AF5F-4A07-878D-DC28C12EC312}.Release|x64.ActiveCfg = Release|x64
		{534BDBEF-AF5F-4A07-878D-DC28C12EC312}.Release|x64.Build.0 = Release|x64
		{534BDBEF-AF5F-4A07-878D-DC28C12EC312}.Release|x86.ActiveCfg = Release|Win32
		{534BDBEF-AF5F-4A07-878D-DC28C12EC312}.Release|x86.Build.0 = Release|Win32
	EndGlobalSection
	GlobalSection(SolutionProperties) = preSolution
		HideSolutionNode = FALSE
	EndGlobalSection
	GlobalSection(ExtensibilityGlobals) = postSolution
		SolutionGuid = {AA8D5FF8-BAF9-4CD1-AD05-8276D84C9DEB}
	EndGlobalSection
EndGlobal
